
Microsoft Visual Studio Solution File, Format Version 12.00
# Visual Studio Version 17
VisualStudioVersion = 17.5.33530.505
MinimumVisualStudioVersion = 10.0.40219.1
Project("{9A19103F-16F7-4668-BE54-9A1E7A4F7556}") = "Crito", "Crito.csproj", "{6CFB7E7F-6826-43A9-8716-1DD8DFBC6F8B}"
EndProject
Global
	GlobalSection(SolutionConfigurationPlatforms) = preSolution
		Debug|Any CPU = Debug|Any CPU
		Release|Any CPU = Release|Any CPU
	EndGlobalSection
	GlobalSection(ProjectConfigurationPlatforms) = postSolution
		{6CFB7E7F-6826-43A9-8716-1DD8DFBC6F8B}.Debug|Any CPU.ActiveCfg = Debug|Any CPU
		{6CFB7E7F-6826-43A9-8716-1DD8DFBC6F8B}.Debug|Any CPU.Build.0 = Debug|Any CPU
		{6CFB7E7F-6826-43A9-8716-1DD8DFBC6F8B}.Release|Any CPU.ActiveCfg = Release|Any CPU
		{6CFB7E7F-6826-43A9-8716-1DD8DFBC6F8B}.Release|Any CPU.Build.0 = Release|Any CPU
	EndGlobalSection
	GlobalSection(SolutionProperties) = preSolution
		HideSolutionNode = FALSE
	EndGlobalSection
	GlobalSection(ExtensibilityGlobals) = postSolution
		SolutionGuid = {876FA5F4-3FE3-4952-A876-F0A9C977B5E9}
	EndGlobalSection
EndGlobal
